
Microsoft Visual Studio Solution File, Format Version 12.00
# Visual Studio Version 17
VisualStudioVersion = 17.14.36908.2
MinimumVisualStudioVersion = 10.0.40219.1
Project("{FAE04EC0-301F-11D3-BF4B-00C04F79EFBC}") = "JobMarketApp.API", "JobMarketApp.API.csproj", "{992D95C3-21C7-4582-87DC-1E7B216FDA2C}"
EndProject
Project("{FAE04EC0-301F-11D3-BF4B-00C04F79EFBC}") = "JobMarketApp.Persistence", "..\JobMarketApp.Persistence\JobMarketApp.Persistence.csproj", "{CDE9AFF8-DD1F-452C-BB55-AD24A31A06DF}"
EndProject
Project("{FAE04EC0-301F-11D3-BF4B-00C04F79EFBC}") = "JobMarketApp.Tests", "..\JobMarketApp.Tests\JobMarketApp.Tests.csproj", "{EDE114F9-9929-40DE-A4F9-C44347D6F203}"
EndProject
Project("{2150E333-8FDC-42A3-9474-1A3956D46DE8}") = "Solution Items", "Solution Items", "{8EC462FD-D22E-90A8-E5CE-7E832BA40C5D}"
	ProjectSection(SolutionItems) = preProject
		README.md = README.md
	EndProjectSection
EndProject
Global
	GlobalSection(SolutionConfigurationPlatforms) = preSolution
		Debug|Any CPU = Debug|Any CPU
		Release|Any CPU = Release|Any CPU
	EndGlobalSection
	GlobalSection(ProjectConfigurationPlatforms) = postSolution
		{992D95C3-21C7-4582-87DC-1E7B216FDA2C}.Debug|Any CPU.ActiveCfg = Debug|Any CPU
		{992D95C3-21C7-4582-87DC-1E7B216FDA2C}.Debug|Any CPU.Build.0 = Debug|Any CPU
		{992D95C3-21C7-4582-87DC-1E7B216FDA2C}.Release|Any CPU.ActiveCfg = Release|Any CPU
		{992D95C3-21C7-4582-87DC-1E7B216FDA2C}.Release|Any CPU.Build.0 = Release|Any CPU
		{CDE9AFF8-DD1F-452C-BB55-AD24A31A06DF}.Debug|Any CPU.ActiveCfg = Debug|Any CPU
		{CDE9AFF8-DD1F-452C-BB55-AD24A31A06DF}.Debug|Any CPU.Build.0 = Debug|Any CPU
		{CDE9AFF8-DD1F-452C-BB55-AD24A31A06DF}.Release|Any CPU.ActiveCfg = Release|Any CPU
		{CDE9AFF8-DD1F-452C-BB55-AD24A31A06DF}.Release|Any CPU.Build.0 = Release|Any CPU
		{EDE114F9-9929-40DE-A4F9-C44347D6F203}.Debug|Any CPU.ActiveCfg = Debug|Any CPU
		{EDE114F9-9929-40DE-A4F9-C44347D6F203}.Debug|Any CPU.Build.0 = Debug|Any CPU
		{EDE114F9-9929-40DE-A4F9-C44347D6F203}.Release|Any CPU.ActiveCfg = Release|Any CPU
		{EDE114F9-9929-40DE-A4F9-C44347D6F203}.Release|Any CPU.Build.0 = Release|Any CPU
	EndGlobalSection
	GlobalSection(SolutionProperties) = preSolution
		HideSolutionNode = FALSE
	EndGlobalSection
	GlobalSection(ExtensibilityGlobals) = postSolution
		SolutionGuid = {DAA00740-3F9D-4D7D-9F3A-0E1F7028482A}
	EndGlobalSection
EndGlobal
